// !$*UTF8*$!
{
	archiveVersion = 1;
	classes = {
	};
	objectVersion = 50;
	objects = {

/* Begin PBXBuildFile section */
		D5FB82A9254ED5F40059203E /* AppDelegate.swift in Sources */ = {isa = PBXBuildFile; fileRef = D5FB82A8254ED5F40059203E /* AppDelegate.swift */; };
		D5FB82AB254ED5F40059203E /* SceneDelegate.swift in Sources */ = {isa = PBXBuildFile; fileRef = D5FB82AA254ED5F40059203E /* SceneDelegate.swift */; };
		D5FB82AD254ED5F40059203E /* ViewController.swift in Sources */ = {isa = PBXBuildFile; fileRef = D5FB82AC254ED5F40059203E /* ViewController.swift */; };
		D5FB82B0254ED5F40059203E /* Main.storyboard in Resources */ = {isa = PBXBuildFile; fileRef = D5FB82AE254ED5F40059203E /* Main.storyboard */; };
		D5FB82B2254ED5F90059203E /* Assets.xcassets in Resources */ = {isa = PBXBuildFile; fileRef = D5FB82B1254ED5F90059203E /* Assets.xcassets */; };
		D5FB82B5254ED5F90059203E /* LaunchScreen.storyboard in Resources */ = {isa = PBXBuildFile; fileRef = D5FB82B3254ED5F90059203E /* LaunchScreen.storyboard */; };
/* End PBXBuildFile section */

/* Begin PBXFileReference section */
		D5FB82A5254ED5F40059203E /* Helloworrd.app */ = {isa = PBXFileReference; explicitFileType = wrapper.application; includeInIndex = 0; path = Helloworrd.app; sourceTree = BUILT_PRODUCTS_DIR; };
		D5FB82A8254ED5F40059203E /* AppDelegate.swift */ = {isa = PBXFileReference; lastKnownFileType = sourcecode.swift; path = AppDelegate.swift; sourceTree = "<group>"; };
		D5FB82AA254ED5F40059203E /* SceneDelegate.swift */ = {isa = PBXFileReference; lastKnownFileType = sourcecode.swift; path = SceneDelegate.swift; sourceTree = "<group>"; };
		D5FB82AC254ED5F40059203E /* ViewController.swift */ = {isa = PBXFileReference; lastKnownFileType = sourcecode.swift; path = ViewController.swift; sourceTree = "<group>"; };
		D5FB82AF254ED5F40059203E /* Base */ = {isa = PBXFileReference; lastKnownFileType = file.storyboard; name = Base; path = Base.lproj/Main.storyboard; sourceTree = "<group>"; };
		D5FB82B1254ED5F90059203E /* Assets.xcassets */ = {isa = PBXFileReference; lastKnownFileType = folder.assetcatalog; path = Assets.xcassets; sourceTree = "<group>"; };
		D5FB82B4254ED5F90059203E /* Base */ = {isa = PBXFileReference; lastKnownFileType = file.storyboard; name = Base; path = Base.lproj/LaunchScreen.storyboard; sourceTree = "<group>"; };
		D5FB82B6254ED5F90059203E /* Info.plist */ = {isa = PBXFileReference; lastKnownFileType = text.plist.xml; path = Info.plist; sourceTree = "<group>"; };
/* End PBXFileReference section */

/* Begin PBXFrameworksBuildPhase section */
		D5FB82A2254ED5F40059203E /* Frameworks */ = {
			isa = PBXFrameworksBuildPhase;
			buildActionMask = 2147483647;
			files = (
			);
			runOnlyForDeploymentPostprocessing = 0;
		};
/* End PBXFrameworksBuildPhase section */

/* Begin PBXGroup section */
		D5FB829C254ED5F40059203E = {
			isa = PBXGroup;
			children = (
				D5FB82A7254ED5F40059203E /* Helloworrd */,
				D5FB82A6254ED5F40059203E /* Products */,
			);
			sourceTree = "<group>";
		};
		D5FB82A6254ED5F40059203E /* Products */ = {
			isa = PBXGroup;
			children = (
				D5FB82A5254ED5F40059203E /* Helloworrd.app */,
			);
			name = Products;
			sourceTree = "<group>";
		};
		D5FB82A7254ED5F40059203E /* Helloworrd */ = {
			isa = PBXGroup;
			children = (
				D5FB82A8254ED5F40059203E /* AppDelegate.swift */,
				D5FB82AA254ED5F40059203E /* SceneDelegate.swift */,
				D5FB82AC254ED5F40059203E /* ViewController.swift */,
				D5FB82AE254ED5F40059203E /* Main.storyboard */,
				D5FB82B1254ED5F90059203E /* Assets.xcassets */,
				D5FB82B3254ED5F90059203E /* LaunchScreen.storyboard */,
				D5FB82B6254ED5F90059203E /* Info.plist */,
			);
			path = Helloworrd;
			sourceTree = "<group>";
		};
/* End PBXGroup section */

/* Begin PBXNativeTarget section */
		D5FB82A4254ED5F40059203E /* Helloworrd */ = {
			isa = PBXNativeTarget;
			buildConfigurationList = D5FB82B9254ED5F90059203E /* Build configuration list for PBXNativeTarget "Helloworrd" */;
			buildPhases = (
				D5FB82A1254ED5F40059203E /* Sources */,
				D5FB82A2254ED5F40059203E /* Frameworks */,
				D5FB82A3254ED5F40059203E /* Resources */,
			);
			buildRules = (
			);
			dependencies = (
			);
			name = Helloworrd;
			productName = Helloworrd;
			productReference = D5FB82A5254ED5F40059203E /* Helloworrd.app */;
			productType = "com.apple.product-type.application";
		};
/* End PBXNativeTarget section */

/* Begin PBXProject section */
		D5FB829D254ED5F40059203E /* Project object */ = {
			isa = PBXProject;
			attributes = {
				LastSwiftUpdateCheck = 1130;
				LastUpgradeCheck = 1130;
				ORGANIZATIONNAME = "Jang Dayoung";
				TargetAttributes = {
					D5FB82A4254ED5F40059203E = {
						CreatedOnToolsVersion = 11.3;
					};
				};
			};
			buildConfigurationList = D5FB82A0254ED5F40059203E /* Build configuration list for PBXProject "Helloworrd" */;
			compatibilityVersion = "Xcode 9.3";
			developmentRegion = en;
			hasScannedForEncodings = 0;
			knownRegions = (
				en,
				Base,
			);
			mainGroup = D5FB829C254ED5F40059203E;
			productRefGroup = D5FB82A6254ED5F40059203E /* Products */;
			projectDirPath = "";
			projectRoot = "";
			targets = (
				D5FB82A4254ED5F40059203E /* Helloworrd */,
			);
		};
/* End PBXProject section */

/* Begin PBXResourcesBuildPhase section */
		D5FB82A3254ED5F40059203E /* Resources */ = {
			isa = PBXResourcesBuildPhase;
			buildActionMask = 2147483647;
			files = (
				D5FB82B5254ED5F90059203E /* LaunchScreen.storyboard in Resources */,
				D5FB82B2254ED5F90059203E /* Assets.xcassets in Resources */,
				D5FB82B0254ED5F40059203E /* Main.storyboard in Resources */,
			);
			runOnlyForDeploymentPostprocessing = 0;
		};
/* End PBXResourcesBuildPhase section */

/* Begin PBXSourcesBuildPhase section */
		D5FB82A1254ED5F40059203E /* Sources */ = {
			isa = PBXSourcesBuildPhase;
			buildActionMask = 2147483647;
			files = (
				D5FB82AD254ED5F40059203E /* ViewController.swift in Sources */,
				D5FB82A9254ED5F40059203E /* AppDelegate.swift in Sources */,
				D5FB82AB254ED5F40059203E /* SceneDelegate.swift in Sources */,
			);
			runOnlyForDeploymentPostprocessing = 0;
		};
/* End PBXSourcesBuildPhase section */

/* Begin PBXVariantGroup section */
		D5FB82AE254ED5F40059203E /* Main.storyboard */ = {
			isa = PBXVariantGroup;
			children = (
				D5FB82AF254ED5F40059203E /* Base */,
			);
			name = Main.storyboard;
			sourceTree = "<group>";
		};
		D5FB82B3254ED5F90059203E /* LaunchScreen.storyboard */ = {
			isa = PBXVariantGroup;
			children = (
				D5FB82B4254ED5F90059203E /* Base */,
			);
			name = LaunchScreen.storyboard;
			sourceTree = "<group>";
		};
/* End PBXVariantGroup section */

/* Begin XCBuildConfiguration section */
		D5FB82B7254ED5F90059203E /* Debug */ = {
			isa = XCBuildConfiguration;
			buildSettings = {
				ALWAYS_SEARCH_USER_PATHS = NO;
				CLANG_ANALYZER_NONNULL = YES;
				CLANG_ANALYZER_NUMBER_OBJECT_CONVERSION = YES_AGGRESSIVE;
				CLANG_CXX_LANGUAGE_STANDARD = "gnu++14";
				CLANG_CXX_LIBRARY = "libc++";
				CLANG_ENABLE_MODULES = YES;
				CLANG_ENABLE_OBJC_ARC = YES;
				CLANG_ENABLE_OBJC_WEAK = YES;
				CLANG_WARN_BLOCK_CAPTURE_AUTORELEASING = YES;
				CLANG_WARN_BOOL_CONVERSION = YES;
				CLANG_WARN_COMMA = YES;
				CLANG_WARN_CONSTANT_CONVERSION = YES;
				CLANG_WARN_DEPRECATED_OBJC_IMPLEMENTATIONS = YES;
				CLANG_WARN_DIRECT_OBJC_ISA_USAGE = YES_ERROR;
				CLANG_WARN_DOCUMENTATION_COMMENTS = YES;
				CLANG_WARN_EMPTY_BODY = YES;
				CLANG_WARN_ENUM_CONVERSION = YES;
				CLANG_WARN_INFINITE_RECURSION = YES;
				CLANG_WARN_INT_CONVERSION = YES;
				CLANG_WARN_NON_LITERAL_NULL_CONVERSION = YES;
				CLANG_WARN_OBJC_IMPLICIT_RETAIN_SELF = YES;
				CLANG_WARN_OBJC_LITERAL_CONVERSION = YES;
				CLANG_WARN_OBJC_ROOT_CLASS = YES_ERROR;
				CLANG_WARN_RANGE_LOOP_ANALYSIS = YES;
				CLANG_WARN_STRICT_PROTOTYPES = YES;
				CLANG_WARN_SUSPICIOUS_MOVE = YES;
				CLANG_WARN_UNGUARDED_AVAILABILITY = YES_AGGRESSIVE;
				CLANG_WARN_UNREACHABLE_CODE = YES;
				CLANG_WARN__DUPLICATE_METHOD_MATCH = YES;
				COPY_PHASE_STRIP = NO;
				DEBUG_INFORMATION_FORMAT = dwarf;
				ENABLE_STRICT_OBJC_MSGSEND = YES;
				ENABLE_TESTABILITY = YES;
				GCC_C_LANGUAGE_STANDARD = gnu11;
				GCC_DYNAMIC_NO_PIC = NO;
				GCC_NO_COMMON_BLOCKS = YES;
				GCC_OPTIMIZATION_LEVEL = 0;
				GCC_PREPROCESSOR_DEFINITIONS = (
					"DEBUG=1",
					"$(inherited)",
				);
				GCC_WARN_64_TO_32_BIT_CONVERSION = YES;
				GCC_WARN_ABOUT_RETURN_TYPE = YES_ERROR;
				GCC_WARN_UNDECLARED_SELECTOR = YES;
				GCC_WARN_UNINITIALIZED_AUTOS = YES_AGGRESSIVE;
				GCC_WARN_UNUSED_FUNCTION = YES;
				GCC_WARN_UNUSED_VARIABLE = YES;
				IPHONEOS_DEPLOYMENT_TARGET = 13.2;
				MTL_ENABLE_DEBUG_INFO = INCLUDE_SOURCE;
				MTL_FAST_MATH = YES;
				ONLY_ACTIVE_ARCH = YES;
				SDKROOT = iphoneos;
				SWIFT_ACTIVE_COMPILATION_CONDITIONS = DEBUG;
				SWIFT_OPTIMIZATION_LEVEL = "-Onone";
			};
			name = Debug;
		};
		D5FB82B8254ED5F90059203E /* Release */ = {
			isa = XCBuildConfiguration;
			buildSettings = {
				ALWAYS_SEARCH_USER_PATHS = NO;
				CLANG_ANALYZER_NONNULL = YES;
				CLANG_ANALYZER_NUMBER_OBJECT_CONVERSION = YES_AGGRESSIVE;
				CLANG_CXX_LANGUAGE_STANDARD = "gnu++14";
				CLANG_CXX_LIBRARY = "libc++";
				CLANG_ENABLE_MODULES = YES;
				CLANG_ENABLE_OBJC_ARC = YES;
				CLANG_ENABLE_OBJC_WEAK = YES;
				CLANG_WARN_BLOCK_CAPTURE_AUTORELEASING = YES;
				CLANG_WARN_BOOL_CONVERSION = YES;
				CLANG_WARN_COMMA = YES;
				CLANG_WARN_CONSTANT_CONVERSION = YES;
				CLANG_WARN_DEPRECATED_OBJC_IMPLEMENTATIONS = YES;
				CLANG_WARN_DIRECT_OBJC_ISA_USAGE = YES_ERROR;
				CLANG_WARN_DOCUMENTATION_COMMENTS = YES;
				CLANG_WARN_EMPTY_BODY = YES;
				CLANG_WARN_ENUM_CONVERSION = YES;
				CLANG_WARN_INFINITE_RECURSION = YES;
				CLANG_WARN_INT_CONVERSION = YES;
				CLANG_WARN_NON_LITERAL_NULL_CONVERSION = YES;
				CLANG_WARN_OBJC_IMPLICIT_RETAIN_SELF = YES;
				CLANG_WARN_OBJC_LITERAL_CONVERSION = YES;
				CLANG_WARN_OBJC_ROOT_CLASS = YES_ERROR;
				CLANG_WARN_RANGE_LOOP_ANALYSIS = YES;
				CLANG_WARN_STRICT_PROTOTYPES = YES;
				CLANG_WARN_SUSPICIOUS_MOVE = YES;
				CLANG_WARN_UNGUARDED_AVAILABILITY = YES_AGGRESSIVE;
				CLANG_WARN_UNREACHABLE_CODE = YES;
				CLANG_WARN__DUPLICATE_METHOD_MATCH = YES;
				COPY_PHASE_STRIP = NO;
				DEBUG_INFORMATION_FORMAT = "dwarf-with-dsym";
				ENABLE_NS_ASSERTIONS = NO;
				ENABLE_STRICT_OBJC_MSGSEND = YES;
				GCC_C_LANGUAGE_STANDARD = gnu11;
				GCC_NO_COMMON_BLOCKS = YES;
				GCC_WARN_64_TO_32_BIT_CONVERSION = YES;
				GCC_WARN_ABOUT_RETURN_TYPE = YES_ERROR;
				GCC_WARN_UNDECLARED_SELECTOR = YES;
				GCC_WARN_UNINITIALIZED_AUTOS = YES_AGGRESSIVE;
				GCC_WARN_UNUSED_FUNCTION = YES;
				GCC_WARN_UNUSED_VARIABLE = YES;
				IPHONEOS_DEPLOYMENT_TARGET = 13.2;
				MTL_ENABLE_DEBUG_INFO = NO;
				MTL_FAST_MATH = YES;
				SDKROOT = iphoneos;
				SWIFT_COMPILATION_MODE = wholemodule;
				SWIFT_OPTIMIZATION_LEVEL = "-O";
				VALIDATE_PRODUCT = YES;
			};
			name = Release;
		};
		D5FB82BA254ED5F90059203E /* Debug */ = {
			isa = XCBuildConfiguration;
			buildSettings = {
				ASSETCATALOG_COMPILER_APPICON_NAME = AppIcon;
				CODE_SIGN_STYLE = Automatic;
				INFOPLIST_FILE = Helloworrd/Info.plist;
				LD_RUNPATH_SEARCH_PATHS = (
					"$(inherited)",
					"@executable_path/Frameworks",
				);
				PRODUCT_BUNDLE_IDENTIFIER = edu.columbia.dj2490.cs193p.Helloworrd;
				PRODUCT_NAME = "$(TARGET_NAME)";
				SWIFT_VERSION = 5.0;
				TARGETED_DEVICE_FAMILY = "1,2";
			};
			name = Debug;
		};
		D5FB82BB254ED5F90059203E /* Release */ = {
			isa = XCBuildConfiguration;
			buildSettings = {
				ASSETCATALOG_COMPILER_APPICON_NAME = AppIcon;
				CODE_SIGN_STYLE = Automatic;
				INFOPLIST_FILE = Helloworrd/Info.plist;
				LD_RUNPATH_SEARCH_PATHS = (
					"$(inherited)",
					"@executable_path/Frameworks",
				);
				PRODUCT_BUNDLE_IDENTIFIER = edu.columbia.dj2490.cs193p.Helloworrd;
				PRODUCT_NAME = "$(TARGET_NAME)";
				SWIFT_VERSION = 5.0;
				TARGETED_DEVICE_FAMILY = "1,2";
			};
			name = Release;
		};
/* End XCBuildConfiguration section */

/* Begin XCConfigurationList section */
		D5FB82A0254ED5F40059203E /* Build configuration list for PBXProject "Helloworrd" */ = {
			isa = XCConfigurationList;
			buildConfigurations = (
				D5FB82B7254ED5F90059203E /* Debug */,
				D5FB82B8254ED5F90059203E /* Release */,
			);
			defaultConfigurationIsVisible = 0;
			defaultConfigurationName = Release;
		};
		D5FB82B9254ED5F90059203E /* Build configuration list for PBXNativeTarget "Helloworrd" */ = {
			isa = XCConfigurationList;
			buildConfigurations = (
				D5FB82BA254ED5F90059203E /* Debug */,
				D5FB82BB254ED5F90059203E /* Release */,
			);
			defaultConfigurationIsVisible = 0;
			defaultConfigurationName = Release;
		};
/* End XCConfigurationList section */
	};
	rootObject = D5FB829D254ED5F40059203E /* Project object */;
}
